
Microsoft Visual Studio Solution File, Format Version 12.00
# Visual Studio 14
VisualStudioVersion = 14.0.22609.0
MinimumVisualStudioVersion = 10.0.40219.1
Project("{FAE04EC0-301F-11D3-BF4B-00C04F79EFBC}") = "Takenet.SimplePersistence", "Takenet.SimplePersistence\Takenet.SimplePersistence.csproj", "{AEA9548D-8D87-41CE-8959-81B3361C0298}"
EndProject
Project("{FAE04EC0-301F-11D3-BF4B-00C04F79EFBC}") = "Takenet.SimplePersistence.Tests", "Takenet.SimplePersistence.Tests\Takenet.SimplePersistence.Tests.csproj", "{5288FBD3-4FE6-42A2-8256-D004C17A86F1}"
EndProject
Project("{2150E333-8FDC-42A3-9474-1A3956D46DE8}") = ".nuget", ".nuget", "{862796A0-87AD-46A1-91B6-B8E7FFEB4C3B}"
	ProjectSection(SolutionItems) = preProject
		.nuget\packages.config = .nuget\packages.config
	EndProjectSection
EndProject
Global
	GlobalSection(SolutionConfigurationPlatforms) = preSolution
		Debug|Any CPU = Debug|Any CPU
		Release|Any CPU = Release|Any CPU
	EndGlobalSection
	GlobalSection(ProjectConfigurationPlatforms) = postSolution
		{AEA9548D-8D87-41CE-8959-81B3361C0298}.Debug|Any CPU.ActiveCfg = Debug|Any CPU
		{AEA9548D-8D87-41CE-8959-81B3361C0298}.Debug|Any CPU.Build.0 = Debug|Any CPU
		{AEA9548D-8D87-41CE-8959-81B3361C0298}.Release|Any CPU.ActiveCfg = Release|Any CPU
		{AEA9548D-8D87-41CE-8959-81B3361C0298}.Release|Any CPU.Build.0 = Release|Any CPU
		{5288FBD3-4FE6-42A2-8256-D004C17A86F1}.Debug|Any CPU.ActiveCfg = Debug|Any CPU
		{5288FBD3-4FE6-42A2-8256-D004C17A86F1}.Debug|Any CPU.Build.0 = Debug|Any CPU
		{5288FBD3-4FE6-42A2-8256-D004C17A86F1}.Release|Any CPU.ActiveCfg = Release|Any CPU
		{5288FBD3-4FE6-42A2-8256-D004C17A86F1}.Release|Any CPU.Build.0 = Release|Any CPU
	EndGlobalSection
	GlobalSection(SolutionProperties) = preSolution
		HideSolutionNode = FALSE
	EndGlobalSection
EndGlobal
